
Microsoft Visual Studio Solution File, Format Version 12.00
# Visual Studio 15
VisualStudioVersion = 15.0.27004.2010
MinimumVisualStudioVersion = 10.0.40219.1
Project("{FAE04EC0-301F-11D3-BF4B-00C04F79EFBC}") = "InverseCaptcha", "InverseCaptcha\InverseCaptcha.csproj", "{44CAA32B-6809-4CF6-A9C1-87CABA3CC05B}"
EndProject
Project("{FAE04EC0-301F-11D3-BF4B-00C04F79EFBC}") = "InverseCaptcha.UnitTests", "InverseCaptcha.UnitTests\InverseCaptcha.UnitTests.csproj", "{2E3DF5C2-8A38-4A03-86D7-8D463C917E47}"
EndProject
Project("{FAE04EC0-301F-11D3-BF4B-00C04F79EFBC}") = "CorruptionChecksum", "CorruptionChecksum\CorruptionChecksum.csproj", "{3D673D75-A73C-4AF2-A61A-BF24B7C5B63B}"
EndProject
Project("{FAE04EC0-301F-11D3-BF4B-00C04F79EFBC}") = "CorruptionChecksum.UnitTests", "CorruptionChecksum.UnitTests\CorruptionChecksum.UnitTests.csproj", "{21171984-21A3-4C85-A686-7A78574A7CCC}"
EndProject
Project("{FAE04EC0-301F-11D3-BF4B-00C04F79EFBC}") = "SpiralMemory", "SpiralMemory\SpiralMemory.csproj", "{B7D7F34D-DF9B-424A-9B9F-52617774C6F4}"
EndProject
Project("{FAE04EC0-301F-11D3-BF4B-00C04F79EFBC}") = "SpiralMemory.UnitTests", "SpiralMemory.UnitTests\SpiralMemory.UnitTests.csproj", "{442A76B0-A589-46A0-BD62-F02AC5583B34}"
EndProject
Project("{FAE04EC0-301F-11D3-BF4B-00C04F79EFBC}") = "HighEntropyPassphrases", "HighEntropyPassphrases\HighEntropyPassphrases.csproj", "{6D477954-301F-4FC8-96AA-C81C81B93019}"
EndProject
Project("{FAE04EC0-301F-11D3-BF4B-00C04F79EFBC}") = "HighEntropyPassphrases.UnitTests", "HighEntropyPassphrases.UnitTests\HighEntropyPassphrases.UnitTests.csproj", "{81A4E58C-0623-4845-A470-066E4439D99B}"
EndProject
Project("{FAE04EC0-301F-11D3-BF4B-00C04F79EFBC}") = "ExtensionsLib", "ExtensionsLib\ExtensionsLib.csproj", "{3C0B3FBC-870A-4A3B-96A4-FEDDA6E5B162}"
EndProject
Project("{FAE04EC0-301F-11D3-BF4B-00C04F79EFBC}") = "ExtensionsLib.UnitTests", "ExtensionsLib.UnitTests\ExtensionsLib.UnitTests.csproj", "{928D6ADA-7F8E-495A-9002-D71A6FEE1257}"
EndProject
Project("{FAE04EC0-301F-11D3-BF4B-00C04F79EFBC}") = "MazeOfTwistyTrampolines", "MazeOfTwistyTrampolines\MazeOfTwistyTrampolines.csproj", "{7740F97A-BC7C-451F-941B-C399A6E2F672}"
EndProject
Project("{FAE04EC0-301F-11D3-BF4B-00C04F79EFBC}") = "MazeOfTwistyTrampolines.UnitTests", "MazeOfTwistyTrampolines.UnitTests\MazeOfTwistyTrampolines.UnitTests.csproj", "{34CEB0E3-F003-465C-A229-F7F70DA017FC}"
EndProject
Global
	GlobalSection(SolutionConfigurationPlatforms) = preSolution
		Debug|Any CPU = Debug|Any CPU
		Release|Any CPU = Release|Any CPU
	EndGlobalSection
	GlobalSection(ProjectConfigurationPlatforms) = postSolution
		{44CAA32B-6809-4CF6-A9C1-87CABA3CC05B}.Debug|Any CPU.ActiveCfg = Debug|Any CPU
		{44CAA32B-6809-4CF6-A9C1-87CABA3CC05B}.Debug|Any CPU.Build.0 = Debug|Any CPU
		{44CAA32B-6809-4CF6-A9C1-87CABA3CC05B}.Release|Any CPU.ActiveCfg = Release|Any CPU
		{44CAA32B-6809-4CF6-A9C1-87CABA3CC05B}.Release|Any CPU.Build.0 = Release|Any CPU
		{2E3DF5C2-8A38-4A03-86D7-8D463C917E47}.Debug|Any CPU.ActiveCfg = Debug|Any CPU
		{2E3DF5C2-8A38-4A03-86D7-8D463C917E47}.Debug|Any CPU.Build.0 = Debug|Any CPU
		{2E3DF5C2-8A38-4A03-86D7-8D463C917E47}.Release|Any CPU.ActiveCfg = Release|Any CPU
		{2E3DF5C2-8A38-4A03-86D7-8D463C917E47}.Release|Any CPU.Build.0 = Release|Any CPU
		{3D673D75-A73C-4AF2-A61A-BF24B7C5B63B}.Debug|Any CPU.ActiveCfg = Debug|Any CPU
		{3D673D75-A73C-4AF2-A61A-BF24B7C5B63B}.Debug|Any CPU.Build.0 = Debug|Any CPU
		{3D673D75-A73C-4AF2-A61A-BF24B7C5B63B}.Release|Any CPU.ActiveCfg = Release|Any CPU
		{3D673D75-A73C-4AF2-A61A-BF24B7C5B63B}.Release|Any CPU.Build.0 = Release|Any CPU
		{21171984-21A3-4C85-A686-7A78574A7CCC}.Debug|Any CPU.ActiveCfg = Debug|Any CPU
		{21171984-21A3-4C85-A686-7A78574A7CCC}.Debug|Any CPU.Build.0 = Debug|Any CPU
		{21171984-21A3-4C85-A686-7A78574A7CCC}.Release|Any CPU.ActiveCfg = Release|Any CPU
		{21171984-21A3-4C85-A686-7A78574A7CCC}.Release|Any CPU.Build.0 = Release|Any CPU
		{B7D7F34D-DF9B-424A-9B9F-52617774C6F4}.Debug|Any CPU.ActiveCfg = Debug|Any CPU
		{B7D7F34D-DF9B-424A-9B9F-52617774C6F4}.Debug|Any CPU.Build.0 = Debug|Any CPU
		{B7D7F34D-DF9B-424A-9B9F-52617774C6F4}.Release|Any CPU.ActiveCfg = Release|Any CPU
		{B7D7F34D-DF9B-424A-9B9F-52617774C6F4}.Release|Any CPU.Build.0 = Release|Any CPU
		{442A76B0-A589-46A0-BD62-F02AC5583B34}.Debug|Any CPU.ActiveCfg = Debug|Any CPU
		{442A76B0-A589-46A0-BD62-F02AC5583B34}.Debug|Any CPU.Build.0 = Debug|Any CPU
		{442A76B0-A589-46A0-BD62-F02AC5583B34}.Release|Any CPU.ActiveCfg = Release|Any CPU
		{442A76B0-A589-46A0-BD62-F02AC5583B34}.Release|Any CPU.Build.0 = Release|Any CPU
		{6D477954-301F-4FC8-96AA-C81C81B93019}.Debug|Any CPU.ActiveCfg = Debug|Any CPU
		{6D477954-301F-4FC8-96AA-C81C81B93019}.Debug|Any CPU.Build.0 = Debug|Any CPU
		{6D477954-301F-4FC8-96AA-C81C81B93019}.Release|Any CPU.ActiveCfg = Release|Any CPU
		{6D477954-301F-4FC8-96AA-C81C81B93019}.Release|Any CPU.Build.0 = Release|Any CPU
		{81A4E58C-0623-4845-A470-066E4439D99B}.Debug|Any CPU.ActiveCfg = Debug|Any CPU
		{81A4E58C-0623-4845-A470-066E4439D99B}.Debug|Any CPU.Build.0 = Debug|Any CPU
		{81A4E58C-0623-4845-A470-066E4439D99B}.Release|Any CPU.ActiveCfg = Release|Any CPU
		{81A4E58C-0623-4845-A470-066E4439D99B}.Release|Any CPU.Build.0 = Release|Any CPU
		{3C0B3FBC-870A-4A3B-96A4-FEDDA6E5B162}.Debug|Any CPU.ActiveCfg = Debug|Any CPU
		{3C0B3FBC-870A-4A3B-96A4-FEDDA6E5B162}.Debug|Any CPU.Build.0 = Debug|Any CPU
		{3C0B3FBC-870A-4A3B-96A4-FEDDA6E5B162}.Release|Any CPU.ActiveCfg = Release|Any CPU
		{3C0B3FBC-870A-4A3B-96A4-FEDDA6E5B162}.Release|Any CPU.Build.0 = Release|Any CPU
		{928D6ADA-7F8E-495A-9002-D71A6FEE1257}.Debug|Any CPU.ActiveCfg = Debug|Any CPU
		{928D6ADA-7F8E-495A-9002-D71A6FEE1257}.Debug|Any CPU.Build.0 = Debug|Any CPU
		{928D6ADA-7F8E-495A-9002-D71A6FEE1257}.Release|Any CPU.ActiveCfg = Release|Any CPU
		{928D6ADA-7F8E-495A-9002-D71A6FEE1257}.Release|Any CPU.Build.0 = Release|Any CPU
		{7740F97A-BC7C-451F-941B-C399A6E2F672}.Debug|Any CPU.ActiveCfg = Debug|Any CPU
		{7740F97A-BC7C-451F-941B-C399A6E2F672}.Debug|Any CPU.Build.0 = Debug|Any CPU
		{7740F97A-BC7C-451F-941B-C399A6E2F672}.Release|Any CPU.ActiveCfg = Release|Any CPU
		{7740F97A-BC7C-451F-941B-C399A6E2F672}.Release|Any CPU.Build.0 = Release|Any CPU
		{34CEB0E3-F003-465C-A229-F7F70DA017FC}.Debug|Any CPU.ActiveCfg = Debug|Any CPU
		{34CEB0E3-F003-465C-A229-F7F70DA017FC}.Debug|Any CPU.Build.0 = Debug|Any CPU
		{34CEB0E3-F003-465C-A229-F7F70DA017FC}.Release|Any CPU.ActiveCfg = Release|Any CPU
		{34CEB0E3-F003-465C-A229-F7F70DA017FC}.Release|Any CPU.Build.0 = Release|Any CPU
	EndGlobalSection
	GlobalSection(SolutionProperties) = preSolution
		HideSolutionNode = FALSE
	EndGlobalSection
	GlobalSection(ExtensibilityGlobals) = postSolution
		SolutionGuid = {B98CB4B5-E554-4798-B5D7-3361792786F1}
	EndGlobalSection
EndGlobal
