
Microsoft Visual Studio Solution File, Format Version 12.00
# Visual Studio 15
VisualStudioVersion = 15.0.27004.2010
MinimumVisualStudioVersion = 10.0.40219.1
Project("{FAE04EC0-301F-11D3-BF4B-00C04F79EFBC}") = "InverseCaptcha", "InverseCaptcha\InverseCaptcha.csproj", "{44CAA32B-6809-4CF6-A9C1-87CABA3CC05B}"
EndProject
Project("{FAE04EC0-301F-11D3-BF4B-00C04F79EFBC}") = "InverseCaptcha.UnitTests", "InverseCaptcha.UnitTests\InverseCaptcha.UnitTests.csproj", "{2E3DF5C2-8A38-4A03-86D7-8D463C917E47}"
EndProject
Project("{FAE04EC0-301F-11D3-BF4B-00C04F79EFBC}") = "CorruptionChecksum", "CorruptionChecksum\CorruptionChecksum.csproj", "{3D673D75-A73C-4AF2-A61A-BF24B7C5B63B}"
EndProject
Project("{FAE04EC0-301F-11D3-BF4B-00C04F79EFBC}") = "CorruptionChecksum.UnitTests", "CorruptionChecksum.UnitTests\CorruptionChecksum.UnitTests.csproj", "{21171984-21A3-4C85-A686-7A78574A7CCC}"
EndProject
Global
	GlobalSection(SolutionConfigurationPlatforms) = preSolution
		Debug|Any CPU = Debug|Any CPU
		Release|Any CPU = Release|Any CPU
	EndGlobalSection
	GlobalSection(ProjectConfigurationPlatforms) = postSolution
		{44CAA32B-6809-4CF6-A9C1-87CABA3CC05B}.Debug|Any CPU.ActiveCfg = Debug|Any CPU
		{44CAA32B-6809-4CF6-A9C1-87CABA3CC05B}.Debug|Any CPU.Build.0 = Debug|Any CPU
		{44CAA32B-6809-4CF6-A9C1-87CABA3CC05B}.Release|Any CPU.ActiveCfg = Release|Any CPU
		{44CAA32B-6809-4CF6-A9C1-87CABA3CC05B}.Release|Any CPU.Build.0 = Release|Any CPU
		{2E3DF5C2-8A38-4A03-86D7-8D463C917E47}.Debug|Any CPU.ActiveCfg = Debug|Any CPU
		{2E3DF5C2-8A38-4A03-86D7-8D463C917E47}.Debug|Any CPU.Build.0 = Debug|Any CPU
		{2E3DF5C2-8A38-4A03-86D7-8D463C917E47}.Release|Any CPU.ActiveCfg = Release|Any CPU
		{2E3DF5C2-8A38-4A03-86D7-8D463C917E47}.Release|Any CPU.Build.0 = Release|Any CPU
		{3D673D75-A73C-4AF2-A61A-BF24B7C5B63B}.Debug|Any CPU.ActiveCfg = Debug|Any CPU
		{3D673D75-A73C-4AF2-A61A-BF24B7C5B63B}.Debug|Any CPU.Build.0 = Debug|Any CPU
		{3D673D75-A73C-4AF2-A61A-BF24B7C5B63B}.Release|Any CPU.ActiveCfg = Release|Any CPU
		{3D673D75-A73C-4AF2-A61A-BF24B7C5B63B}.Release|Any CPU.Build.0 = Release|Any CPU
		{21171984-21A3-4C85-A686-7A78574A7CCC}.Debug|Any CPU.ActiveCfg = Debug|Any CPU
		{21171984-21A3-4C85-A686-7A78574A7CCC}.Debug|Any CPU.Build.0 = Debug|Any CPU
		{21171984-21A3-4C85-A686-7A78574A7CCC}.Release|Any CPU.ActiveCfg = Release|Any CPU
		{21171984-21A3-4C85-A686-7A78574A7CCC}.Release|Any CPU.Build.0 = Release|Any CPU
	EndGlobalSection
	GlobalSection(SolutionProperties) = preSolution
		HideSolutionNode = FALSE
	EndGlobalSection
	GlobalSection(ExtensibilityGlobals) = postSolution
		SolutionGuid = {B98CB4B5-E554-4798-B5D7-3361792786F1}
	EndGlobalSection
EndGlobal
